// !$*UTF8*$!
{
	archiveVersion = 1;
	classes = {
	};
	objectVersion = 51;
	objects = {

/* Begin PBXBuildFile section */
		2032E066257307F000684C78 /* Filter.swift in Sources */ = {isa = PBXBuildFile; fileRef = 2032E065257307F000684C78 /* Filter.swift */; };
		2032E06825730DE700684C78 /* Specification.swift in Sources */ = {isa = PBXBuildFile; fileRef = 2032E06725730DE700684C78 /* Specification.swift */; };
		2054F4A92569410D00D4FEF2 /* MainHomeController.swift in Sources */ = {isa = PBXBuildFile; fileRef = 2054F4A82569410D00D4FEF2 /* MainHomeController.swift */; };
		2054F4AE2569411E00D4FEF2 /* RegisterController.swift in Sources */ = {isa = PBXBuildFile; fileRef = 2054F4AD2569411E00D4FEF2 /* RegisterController.swift */; };
		20571BE7257EA366001F2D21 /* AddLostAndFound.swift in Sources */ = {isa = PBXBuildFile; fileRef = 20571BE6257EA366001F2D21 /* AddLostAndFound.swift */; };
		205945652572AED80071E3A1 /* Profile.swift in Sources */ = {isa = PBXBuildFile; fileRef = 205945642572AED80071E3A1 /* Profile.swift */; };
		205B39A6258848150049117C /* ProfileAnimal.swift in Sources */ = {isa = PBXBuildFile; fileRef = 205B39A5258848150049117C /* ProfileAnimal.swift */; };
		205C17A4256977B400433574 /* Pods_MyPets.framework in Frameworks */ = {isa = PBXBuildFile; fileRef = EF22A2589849829EFE21B737 /* Pods_MyPets.framework */; };
		205C17A5256977B400433574 /* Pods_MyPets.framework in Embed Frameworks */ = {isa = PBXBuildFile; fileRef = EF22A2589849829EFE21B737 /* Pods_MyPets.framework */; settings = {ATTRIBUTES = (CodeSignOnCopy, RemoveHeadersOnCopy, ); }; };
		206A16492586BDBD0007F52E /* MyAnimals.swift in Sources */ = {isa = PBXBuildFile; fileRef = 206A16482586BDBD0007F52E /* MyAnimals.swift */; };
		206A164D2586C1B70007F52E /* AddAnimal.swift in Sources */ = {isa = PBXBuildFile; fileRef = 206A164C2586C1B70007F52E /* AddAnimal.swift */; };
		206A16512586C99B0007F52E /* AnimalsResponse.swift in Sources */ = {isa = PBXBuildFile; fileRef = 206A16502586C99B0007F52E /* AnimalsResponse.swift */; };
		20852EE2257A804E005ABD42 /* Vars.swift in Sources */ = {isa = PBXBuildFile; fileRef = 20852EE1257A804E005ABD42 /* Vars.swift */; };
		20852EE4257A80A3005ABD42 /* UserResponse.swift in Sources */ = {isa = PBXBuildFile; fileRef = 20852EE3257A80A3005ABD42 /* UserResponse.swift */; };
		20852EE6257A80DA005ABD42 /* UserGlobal.swift in Sources */ = {isa = PBXBuildFile; fileRef = 20852EE5257A80DA005ABD42 /* UserGlobal.swift */; };
		20852F00257A83E5005ABD42 /* APIManager.swift in Sources */ = {isa = PBXBuildFile; fileRef = 20852EFF257A83E5005ABD42 /* APIManager.swift */; };
		20852F36257B12B5005ABD42 /* MyProfile.swift in Sources */ = {isa = PBXBuildFile; fileRef = 20852F35257B12B5005ABD42 /* MyProfile.swift */; };
		2088473A257D9296006F81A0 /* MenuController.swift in Sources */ = {isa = PBXBuildFile; fileRef = 20884739257D9296006F81A0 /* MenuController.swift */; };
		20D42B5825695319002B3137 /* Authentification.swift in Sources */ = {isa = PBXBuildFile; fileRef = 20D42B5725695319002B3137 /* Authentification.swift */; };
		20E58CA625680F5800376ABE /* AppDelegate.swift in Sources */ = {isa = PBXBuildFile; fileRef = 20E58CA525680F5800376ABE /* AppDelegate.swift */; };
		20E58CA825680F5800376ABE /* SceneDelegate.swift in Sources */ = {isa = PBXBuildFile; fileRef = 20E58CA725680F5800376ABE /* SceneDelegate.swift */; };
		20E58CAA25680F5800376ABE /* ViewController.swift in Sources */ = {isa = PBXBuildFile; fileRef = 20E58CA925680F5800376ABE /* ViewController.swift */; };
		20E58CAD25680F5800376ABE /* Main.storyboard in Resources */ = {isa = PBXBuildFile; fileRef = 20E58CAB25680F5800376ABE /* Main.storyboard */; };
		20E58CB025680F5800376ABE /* MyPets.xcdatamodeld in Sources */ = {isa = PBXBuildFile; fileRef = 20E58CAE25680F5800376ABE /* MyPets.xcdatamodeld */; };
		20E58CB225680F5A00376ABE /* Assets.xcassets in Resources */ = {isa = PBXBuildFile; fileRef = 20E58CB125680F5A00376ABE /* Assets.xcassets */; };
		20E58CB525680F5A00376ABE /* LaunchScreen.storyboard in Resources */ = {isa = PBXBuildFile; fileRef = 20E58CB325680F5A00376ABE /* LaunchScreen.storyboard */; };
		20E58CC025680F5A00376ABE /* MyPetsTests.swift in Sources */ = {isa = PBXBuildFile; fileRef = 20E58CBF25680F5A00376ABE /* MyPetsTests.swift */; };
		20E58CCB25680F5A00376ABE /* MyPetsUITests.swift in Sources */ = {isa = PBXBuildFile; fileRef = 20E58CCA25680F5A00376ABE /* MyPetsUITests.swift */; };
		20E58CDD25683B8600376ABE /* HomeController.swift in Sources */ = {isa = PBXBuildFile; fileRef = 20E58CDC25683B8600376ABE /* HomeController.swift */; };
		2935CED72586C24D0004320E /* ListVetoController.swift in Sources */ = {isa = PBXBuildFile; fileRef = 2935CED62586C24D0004320E /* ListVetoController.swift */; };
		29607596257D9F240088464D /* FoundController.swift in Sources */ = {isa = PBXBuildFile; fileRef = 29607595257D9F240088464D /* FoundController.swift */; };
		2960759A257DA1DF0088464D /* LostAndfoundResponse.swift in Sources */ = {isa = PBXBuildFile; fileRef = 29607599257DA1DF0088464D /* LostAndfoundResponse.swift */; };
		29C6842A2585904900EA4A89 /* profileResponse.swift in Sources */ = {isa = PBXBuildFile; fileRef = 29C684292585904900EA4A89 /* profileResponse.swift */; };
		29DC1DE2257B07AD00C44B85 /* LostController.swift in Sources */ = {isa = PBXBuildFile; fileRef = 29DC1DE1257B07AD00C44B85 /* LostController.swift */; };
		E33064171B2825F8603B354B /* Pods_MyPetsTests.framework in Frameworks */ = {isa = PBXBuildFile; fileRef = F87143A8A98D4BC3A70D4782 /* Pods_MyPetsTests.framework */; };
		E4C5006BCD44220CAFBCA8B2 /* Pods_MyPets_MyPetsUITests.framework in Frameworks */ = {isa = PBXBuildFile; fileRef = F840E7B9B2E1AF332B1E6591 /* Pods_MyPets_MyPetsUITests.framework */; };
/* End PBXBuildFile section */

/* Begin PBXContainerItemProxy section */
		20E58CBC25680F5A00376ABE /* PBXContainerItemProxy */ = {
			isa = PBXContainerItemProxy;
			containerPortal = 20E58C9A25680F5800376ABE /* Project object */;
			proxyType = 1;
			remoteGlobalIDString = 20E58CA125680F5800376ABE;
			remoteInfo = MyPets;
		};
		20E58CC725680F5A00376ABE /* PBXContainerItemProxy */ = {
			isa = PBXContainerItemProxy;
			containerPortal = 20E58C9A25680F5800376ABE /* Project object */;
			proxyType = 1;
			remoteGlobalIDString = 20E58CA125680F5800376ABE;
			remoteInfo = MyPets;
		};
/* End PBXContainerItemProxy section */

/* Begin PBXCopyFilesBuildPhase section */
		20D42B5325694E91002B3137 /* Embed Frameworks */ = {
			isa = PBXCopyFilesBuildPhase;
			buildActionMask = 2147483647;
			dstPath = "";
			dstSubfolderSpec = 10;
			files = (
				205C17A5256977B400433574 /* Pods_MyPets.framework in Embed Frameworks */,
			);
			name = "Embed Frameworks";
			runOnlyForDeploymentPostprocessing = 0;
		};
/* End PBXCopyFilesBuildPhase section */

/* Begin PBXFileReference section */
		1881B33447A9AD50B6CF4061 /* Pods-MyPets-MyPetsUITests.release.xcconfig */ = {isa = PBXFileReference; includeInIndex = 1; lastKnownFileType = text.xcconfig; name = "Pods-MyPets-MyPetsUITests.release.xcconfig"; path = "Target Support Files/Pods-MyPets-MyPetsUITests/Pods-MyPets-MyPetsUITests.release.xcconfig"; sourceTree = "<group>"; };
		2032E065257307F000684C78 /* Filter.swift */ = {isa = PBXFileReference; lastKnownFileType = sourcecode.swift; path = Filter.swift; sourceTree = "<group>"; };
		2032E06725730DE700684C78 /* Specification.swift */ = {isa = PBXFileReference; lastKnownFileType = sourcecode.swift; path = Specification.swift; sourceTree = "<group>"; };
		2054F4A82569410D00D4FEF2 /* MainHomeController.swift */ = {isa = PBXFileReference; lastKnownFileType = sourcecode.swift; path = MainHomeController.swift; sourceTree = "<group>"; };
		2054F4AD2569411E00D4FEF2 /* RegisterController.swift */ = {isa = PBXFileReference; lastKnownFileType = sourcecode.swift; path = RegisterController.swift; sourceTree = "<group>"; };
		20571BE6257EA366001F2D21 /* AddLostAndFound.swift */ = {isa = PBXFileReference; lastKnownFileType = sourcecode.swift; path = AddLostAndFound.swift; sourceTree = "<group>"; };
		205945642572AED80071E3A1 /* Profile.swift */ = {isa = PBXFileReference; lastKnownFileType = sourcecode.swift; path = Profile.swift; sourceTree = "<group>"; };
		205B39A5258848150049117C /* ProfileAnimal.swift */ = {isa = PBXFileReference; lastKnownFileType = sourcecode.swift; path = ProfileAnimal.swift; sourceTree = "<group>"; };
		206A16482586BDBD0007F52E /* MyAnimals.swift */ = {isa = PBXFileReference; lastKnownFileType = sourcecode.swift; path = MyAnimals.swift; sourceTree = "<group>"; };
		206A164C2586C1B70007F52E /* AddAnimal.swift */ = {isa = PBXFileReference; lastKnownFileType = sourcecode.swift; path = AddAnimal.swift; sourceTree = "<group>"; };
		206A16502586C99B0007F52E /* AnimalsResponse.swift */ = {isa = PBXFileReference; lastKnownFileType = sourcecode.swift; path = AnimalsResponse.swift; sourceTree = "<group>"; };
		20852EE1257A804E005ABD42 /* Vars.swift */ = {isa = PBXFileReference; lastKnownFileType = sourcecode.swift; path = Vars.swift; sourceTree = "<group>"; };
		20852EE3257A80A3005ABD42 /* UserResponse.swift */ = {isa = PBXFileReference; lastKnownFileType = sourcecode.swift; path = UserResponse.swift; sourceTree = "<group>"; };
		20852EE5257A80DA005ABD42 /* UserGlobal.swift */ = {isa = PBXFileReference; lastKnownFileType = sourcecode.swift; path = UserGlobal.swift; sourceTree = "<group>"; };
		20852EFF257A83E5005ABD42 /* APIManager.swift */ = {isa = PBXFileReference; lastKnownFileType = sourcecode.swift; path = APIManager.swift; sourceTree = "<group>"; };
		20852F35257B12B5005ABD42 /* MyProfile.swift */ = {isa = PBXFileReference; lastKnownFileType = sourcecode.swift; path = MyProfile.swift; sourceTree = "<group>"; };
		20884739257D9296006F81A0 /* MenuController.swift */ = {isa = PBXFileReference; lastKnownFileType = sourcecode.swift; path = MenuController.swift; sourceTree = "<group>"; };
		20D42B5025694E91002B3137 /* Alamofire.framework */ = {isa = PBXFileReference; explicitFileType = wrapper.framework; path = Alamofire.framework; sourceTree = BUILT_PRODUCTS_DIR; };
		20D42B5725695319002B3137 /* Authentification.swift */ = {isa = PBXFileReference; lastKnownFileType = sourcecode.swift; path = Authentification.swift; sourceTree = "<group>"; };
		20D6F7A4256BD4D000C23F0C /* Alamofire.framework */ = {isa = PBXFileReference; explicitFileType = wrapper.framework; path = Alamofire.framework; sourceTree = BUILT_PRODUCTS_DIR; };
		20E58CA225680F5800376ABE /* MyPets.app */ = {isa = PBXFileReference; explicitFileType = wrapper.application; includeInIndex = 0; path = MyPets.app; sourceTree = BUILT_PRODUCTS_DIR; };
		20E58CA525680F5800376ABE /* AppDelegate.swift */ = {isa = PBXFileReference; lastKnownFileType = sourcecode.swift; path = AppDelegate.swift; sourceTree = "<group>"; };
		20E58CA725680F5800376ABE /* SceneDelegate.swift */ = {isa = PBXFileReference; lastKnownFileType = sourcecode.swift; path = SceneDelegate.swift; sourceTree = "<group>"; };
		20E58CA925680F5800376ABE /* ViewController.swift */ = {isa = PBXFileReference; lastKnownFileType = sourcecode.swift; path = ViewController.swift; sourceTree = "<group>"; };
		20E58CAC25680F5800376ABE /* Base */ = {isa = PBXFileReference; lastKnownFileType = file.storyboard; name = Base; path = Base.lproj/Main.storyboard; sourceTree = "<group>"; };
		20E58CAF25680F5800376ABE /* MyPets.xcdatamodel */ = {isa = PBXFileReference; lastKnownFileType = wrapper.xcdatamodel; path = MyPets.xcdatamodel; sourceTree = "<group>"; };
		20E58CB125680F5A00376ABE /* Assets.xcassets */ = {isa = PBXFileReference; lastKnownFileType = folder.assetcatalog; path = Assets.xcassets; sourceTree = "<group>"; };
		20E58CB425680F5A00376ABE /* Base */ = {isa = PBXFileReference; lastKnownFileType = file.storyboard; name = Base; path = Base.lproj/LaunchScreen.storyboard; sourceTree = "<group>"; };
		20E58CB625680F5A00376ABE /* Info.plist */ = {isa = PBXFileReference; lastKnownFileType = text.plist.xml; path = Info.plist; sourceTree = "<group>"; };
		20E58CBB25680F5A00376ABE /* MyPetsTests.xctest */ = {isa = PBXFileReference; explicitFileType = wrapper.cfbundle; includeInIndex = 0; path = MyPetsTests.xctest; sourceTree = BUILT_PRODUCTS_DIR; };
		20E58CBF25680F5A00376ABE /* MyPetsTests.swift */ = {isa = PBXFileReference; lastKnownFileType = sourcecode.swift; path = MyPetsTests.swift; sourceTree = "<group>"; };
		20E58CC125680F5A00376ABE /* Info.plist */ = {isa = PBXFileReference; lastKnownFileType = text.plist.xml; path = Info.plist; sourceTree = "<group>"; };
		20E58CC625680F5A00376ABE /* MyPetsUITests.xctest */ = {isa = PBXFileReference; explicitFileType = wrapper.cfbundle; includeInIndex = 0; path = MyPetsUITests.xctest; sourceTree = BUILT_PRODUCTS_DIR; };
		20E58CCA25680F5A00376ABE /* MyPetsUITests.swift */ = {isa = PBXFileReference; lastKnownFileType = sourcecode.swift; path = MyPetsUITests.swift; sourceTree = "<group>"; };
		20E58CCC25680F5A00376ABE /* Info.plist */ = {isa = PBXFileReference; lastKnownFileType = text.plist.xml; path = Info.plist; sourceTree = "<group>"; };
		20E58CDC25683B8600376ABE /* HomeController.swift */ = {isa = PBXFileReference; lastKnownFileType = sourcecode.swift; path = HomeController.swift; sourceTree = "<group>"; };
		2935CED62586C24D0004320E /* ListVetoController.swift */ = {isa = PBXFileReference; lastKnownFileType = sourcecode.swift; path = ListVetoController.swift; sourceTree = "<group>"; };
		29607595257D9F240088464D /* FoundController.swift */ = {isa = PBXFileReference; lastKnownFileType = sourcecode.swift; path = FoundController.swift; sourceTree = "<group>"; };
		29607599257DA1DF0088464D /* LostAndfoundResponse.swift */ = {isa = PBXFileReference; lastKnownFileType = sourcecode.swift; path = LostAndfoundResponse.swift; sourceTree = "<group>"; };
		29C684292585904900EA4A89 /* profileResponse.swift */ = {isa = PBXFileReference; lastKnownFileType = sourcecode.swift; path = profileResponse.swift; sourceTree = "<group>"; };
		29DC1DE1257B07AD00C44B85 /* LostController.swift */ = {isa = PBXFileReference; lastKnownFileType = sourcecode.swift; path = LostController.swift; sourceTree = "<group>"; };
		33D3C7315FBE40A50C7381DC /* Pods-MyPets.debug.xcconfig */ = {isa = PBXFileReference; includeInIndex = 1; lastKnownFileType = text.xcconfig; name = "Pods-MyPets.debug.xcconfig"; path = "Target Support Files/Pods-MyPets/Pods-MyPets.debug.xcconfig"; sourceTree = "<group>"; };
		45C881C984FD8F09747D5412 /* Pods-MyPets.release.xcconfig */ = {isa = PBXFileReference; includeInIndex = 1; lastKnownFileType = text.xcconfig; name = "Pods-MyPets.release.xcconfig"; path = "Target Support Files/Pods-MyPets/Pods-MyPets.release.xcconfig"; sourceTree = "<group>"; };
		6436DEECEFE0BC5495D94CEB /* Pods-MyPetsTests.release.xcconfig */ = {isa = PBXFileReference; includeInIndex = 1; lastKnownFileType = text.xcconfig; name = "Pods-MyPetsTests.release.xcconfig"; path = "Target Support Files/Pods-MyPetsTests/Pods-MyPetsTests.release.xcconfig"; sourceTree = "<group>"; };
		80A0C2A5C0878512912D5BD1 /* Pods-MyPetsTests.debug.xcconfig */ = {isa = PBXFileReference; includeInIndex = 1; lastKnownFileType = text.xcconfig; name = "Pods-MyPetsTests.debug.xcconfig"; path = "Target Support Files/Pods-MyPetsTests/Pods-MyPetsTests.debug.xcconfig"; sourceTree = "<group>"; };
		A45503246FAA857923D596FE /* Pods-MyPets-MyPetsUITests.debug.xcconfig */ = {isa = PBXFileReference; includeInIndex = 1; lastKnownFileType = text.xcconfig; name = "Pods-MyPets-MyPetsUITests.debug.xcconfig"; path = "Target Support Files/Pods-MyPets-MyPetsUITests/Pods-MyPets-MyPetsUITests.debug.xcconfig"; sourceTree = "<group>"; };
		EF22A2589849829EFE21B737 /* Pods_MyPets.framework */ = {isa = PBXFileReference; explicitFileType = wrapper.framework; includeInIndex = 0; path = Pods_MyPets.framework; sourceTree = BUILT_PRODUCTS_DIR; };
		F840E7B9B2E1AF332B1E6591 /* Pods_MyPets_MyPetsUITests.framework */ = {isa = PBXFileReference; explicitFileType = wrapper.framework; includeInIndex = 0; path = Pods_MyPets_MyPetsUITests.framework; sourceTree = BUILT_PRODUCTS_DIR; };
		F87143A8A98D4BC3A70D4782 /* Pods_MyPetsTests.framework */ = {isa = PBXFileReference; explicitFileType = wrapper.framework; includeInIndex = 0; path = Pods_MyPetsTests.framework; sourceTree = BUILT_PRODUCTS_DIR; };
/* End PBXFileReference section */

/* Begin PBXFrameworksBuildPhase section */
		20E58C9F25680F5800376ABE /* Frameworks */ = {
			isa = PBXFrameworksBuildPhase;
			buildActionMask = 2147483647;
			files = (
				205C17A4256977B400433574 /* Pods_MyPets.framework in Frameworks */,
			);
			runOnlyForDeploymentPostprocessing = 0;
		};
		20E58CB825680F5A00376ABE /* Frameworks */ = {
			isa = PBXFrameworksBuildPhase;
			buildActionMask = 2147483647;
			files = (
				E33064171B2825F8603B354B /* Pods_MyPetsTests.framework in Frameworks */,
			);
			runOnlyForDeploymentPostprocessing = 0;
		};
		20E58CC325680F5A00376ABE /* Frameworks */ = {
			isa = PBXFrameworksBuildPhase;
			buildActionMask = 2147483647;
			files = (
				E4C5006BCD44220CAFBCA8B2 /* Pods_MyPets_MyPetsUITests.framework in Frameworks */,
			);
			runOnlyForDeploymentPostprocessing = 0;
		};
/* End PBXFrameworksBuildPhase section */

/* Begin PBXGroup section */
		2032E0602572EDCD00684C78 /* DataResponse */ = {
			isa = PBXGroup;
			children = (
				20852EE3257A80A3005ABD42 /* UserResponse.swift */,
				20852EE5257A80DA005ABD42 /* UserGlobal.swift */,
				29607599257DA1DF0088464D /* LostAndfoundResponse.swift */,
				29C684292585904900EA4A89 /* profileResponse.swift */,
				206A16502586C99B0007F52E /* AnimalsResponse.swift */,
			);
			path = DataResponse;
			sourceTree = "<group>";
		};
		20D42B56256952F9002B3137 /* Service */ = {
			isa = PBXGroup;
			children = (
				20D42B5725695319002B3137 /* Authentification.swift */,
			);
			path = Service;
			sourceTree = "<group>";
		};
		20E58C9925680F5800376ABE = {
			isa = PBXGroup;
			children = (
				20E58CA425680F5800376ABE /* MyPets */,
				20E58CBE25680F5A00376ABE /* MyPetsTests */,
				20E58CC925680F5A00376ABE /* MyPetsUITests */,
				20E58CA325680F5800376ABE /* Products */,
				98B80A519DB26A9DDD48E09F /* Pods */,
				B8CBD01380EC08FEB07EB105 /* Frameworks */,
			);
			sourceTree = "<group>";
		};
		20E58CA325680F5800376ABE /* Products */ = {
			isa = PBXGroup;
			children = (
				20E58CA225680F5800376ABE /* MyPets.app */,
				20E58CBB25680F5A00376ABE /* MyPetsTests.xctest */,
				20E58CC625680F5A00376ABE /* MyPetsUITests.xctest */,
			);
			name = Products;
			sourceTree = "<group>";
		};
		20E58CA425680F5800376ABE /* MyPets */ = {
			isa = PBXGroup;
			children = (
				2032E0602572EDCD00684C78 /* DataResponse */,
				20EA5C38256AA14000E66D14 /* Controller */,
				20D42B56256952F9002B3137 /* Service */,
				20E58CA525680F5800376ABE /* AppDelegate.swift */,
				20E58CA725680F5800376ABE /* SceneDelegate.swift */,
				20E58CAB25680F5800376ABE /* Main.storyboard */,
				20E58CB125680F5A00376ABE /* Assets.xcassets */,
				20E58CB325680F5A00376ABE /* LaunchScreen.storyboard */,
				20E58CB625680F5A00376ABE /* Info.plist */,
				20E58CAE25680F5800376ABE /* MyPets.xcdatamodeld */,
				20852EE1257A804E005ABD42 /* Vars.swift */,
				20852EFF257A83E5005ABD42 /* APIManager.swift */,
			);
			path = MyPets;
			sourceTree = "<group>";
		};
		20E58CBE25680F5A00376ABE /* MyPetsTests */ = {
			isa = PBXGroup;
			children = (
				20E58CBF25680F5A00376ABE /* MyPetsTests.swift */,
				20E58CC125680F5A00376ABE /* Info.plist */,
			);
			path = MyPetsTests;
			sourceTree = "<group>";
		};
		20E58CC925680F5A00376ABE /* MyPetsUITests */ = {
			isa = PBXGroup;
			children = (
				20E58CCA25680F5A00376ABE /* MyPetsUITests.swift */,
				20E58CCC25680F5A00376ABE /* Info.plist */,
			);
			path = MyPetsUITests;
			sourceTree = "<group>";
		};
		20EA5C38256AA14000E66D14 /* Controller */ = {
			isa = PBXGroup;
			children = (
				20E58CA925680F5800376ABE /* ViewController.swift */,
				20E58CDC25683B8600376ABE /* HomeController.swift */,
				2054F4A82569410D00D4FEF2 /* MainHomeController.swift */,
				2054F4AD2569411E00D4FEF2 /* RegisterController.swift */,
				205945642572AED80071E3A1 /* Profile.swift */,
				2032E065257307F000684C78 /* Filter.swift */,
				2032E06725730DE700684C78 /* Specification.swift */,
				20852F35257B12B5005ABD42 /* MyProfile.swift */,
				29DC1DE1257B07AD00C44B85 /* LostController.swift */,
				29607595257D9F240088464D /* FoundController.swift */,
				20884739257D9296006F81A0 /* MenuController.swift */,
				20571BE6257EA366001F2D21 /* AddLostAndFound.swift */,
				2935CED62586C24D0004320E /* ListVetoController.swift */,
				206A16482586BDBD0007F52E /* MyAnimals.swift */,
				206A164C2586C1B70007F52E /* AddAnimal.swift */,
				205B39A5258848150049117C /* ProfileAnimal.swift */,
			);
			path = Controller;
			sourceTree = "<group>";
		};
		98B80A519DB26A9DDD48E09F /* Pods */ = {
			isa = PBXGroup;
			children = (
				33D3C7315FBE40A50C7381DC /* Pods-MyPets.debug.xcconfig */,
				45C881C984FD8F09747D5412 /* Pods-MyPets.release.xcconfig */,
				A45503246FAA857923D596FE /* Pods-MyPets-MyPetsUITests.debug.xcconfig */,
				1881B33447A9AD50B6CF4061 /* Pods-MyPets-MyPetsUITests.release.xcconfig */,
				80A0C2A5C0878512912D5BD1 /* Pods-MyPetsTests.debug.xcconfig */,
				6436DEECEFE0BC5495D94CEB /* Pods-MyPetsTests.release.xcconfig */,
			);
			path = Pods;
			sourceTree = "<group>";
		};
		B8CBD01380EC08FEB07EB105 /* Frameworks */ = {
			isa = PBXGroup;
			children = (
				20D6F7A4256BD4D000C23F0C /* Alamofire.framework */,
				20D42B5025694E91002B3137 /* Alamofire.framework */,
				EF22A2589849829EFE21B737 /* Pods_MyPets.framework */,
				F840E7B9B2E1AF332B1E6591 /* Pods_MyPets_MyPetsUITests.framework */,
				F87143A8A98D4BC3A70D4782 /* Pods_MyPetsTests.framework */,
			);
			name = Frameworks;
			sourceTree = "<group>";
		};
/* End PBXGroup section */

/* Begin PBXNativeTarget section */
		20E58CA125680F5800376ABE /* MyPets */ = {
			isa = PBXNativeTarget;
			buildConfigurationList = 20E58CCF25680F5A00376ABE /* Build configuration list for PBXNativeTarget "MyPets" */;
			buildPhases = (
				25CA0E09325F92AADAA47B1E /* [CP] Check Pods Manifest.lock */,
				20E58C9E25680F5800376ABE /* Sources */,
				20E58C9F25680F5800376ABE /* Frameworks */,
				20E58CA025680F5800376ABE /* Resources */,
				98D697AA9D0B8321945925A1 /* [CP] Embed Pods Frameworks */,
				20D42B5325694E91002B3137 /* Embed Frameworks */,
			);
			buildRules = (
			);
			dependencies = (
			);
			name = MyPets;
			productName = MyPets;
			productReference = 20E58CA225680F5800376ABE /* MyPets.app */;
			productType = "com.apple.product-type.application";
		};
		20E58CBA25680F5A00376ABE /* MyPetsTests */ = {
			isa = PBXNativeTarget;
			buildConfigurationList = 20E58CD225680F5A00376ABE /* Build configuration list for PBXNativeTarget "MyPetsTests" */;
			buildPhases = (
				848740E67DA3132E1270DB89 /* [CP] Check Pods Manifest.lock */,
				20E58CB725680F5A00376ABE /* Sources */,
				20E58CB825680F5A00376ABE /* Frameworks */,
				20E58CB925680F5A00376ABE /* Resources */,
			);
			buildRules = (
			);
			dependencies = (
				20E58CBD25680F5A00376ABE /* PBXTargetDependency */,
			);
			name = MyPetsTests;
			productName = MyPetsTests;
			productReference = 20E58CBB25680F5A00376ABE /* MyPetsTests.xctest */;
			productType = "com.apple.product-type.bundle.unit-test";
		};
		20E58CC525680F5A00376ABE /* MyPetsUITests */ = {
			isa = PBXNativeTarget;
			buildConfigurationList = 20E58CD525680F5A00376ABE /* Build configuration list for PBXNativeTarget "MyPetsUITests" */;
			buildPhases = (
				401ABFBD813C1100B1669D83 /* [CP] Check Pods Manifest.lock */,
				20E58CC225680F5A00376ABE /* Sources */,
				20E58CC325680F5A00376ABE /* Frameworks */,
				20E58CC425680F5A00376ABE /* Resources */,
				CB5E5DB27F681752A13DB54A /* [CP] Embed Pods Frameworks */,
			);
			buildRules = (
			);
			dependencies = (
				20E58CC825680F5A00376ABE /* PBXTargetDependency */,
			);
			name = MyPetsUITests;
			productName = MyPetsUITests;
			productReference = 20E58CC625680F5A00376ABE /* MyPetsUITests.xctest */;
			productType = "com.apple.product-type.bundle.ui-testing";
		};
/* End PBXNativeTarget section */

/* Begin PBXProject section */
		20E58C9A25680F5800376ABE /* Project object */ = {
			isa = PBXProject;
			attributes = {
				LastSwiftUpdateCheck = 1200;
				LastUpgradeCheck = 1200;
				TargetAttributes = {
					20E58CA125680F5800376ABE = {
						CreatedOnToolsVersion = 12.0.1;
					};
					20E58CBA25680F5A00376ABE = {
						CreatedOnToolsVersion = 12.0.1;
						TestTargetID = 20E58CA125680F5800376ABE;
					};
					20E58CC525680F5A00376ABE = {
						CreatedOnToolsVersion = 12.0.1;
						TestTargetID = 20E58CA125680F5800376ABE;
					};
				};
			};
			buildConfigurationList = 20E58C9D25680F5800376ABE /* Build configuration list for PBXProject "MyPets" */;
			compatibilityVersion = "Xcode 9.3";
			developmentRegion = en;
			hasScannedForEncodings = 0;
			knownRegions = (
				en,
				Base,
			);
			mainGroup = 20E58C9925680F5800376ABE;
			productRefGroup = 20E58CA325680F5800376ABE /* Products */;
			projectDirPath = "";
			projectRoot = "";
			targets = (
				20E58CA125680F5800376ABE /* MyPets */,
				20E58CBA25680F5A00376ABE /* MyPetsTests */,
				20E58CC525680F5A00376ABE /* MyPetsUITests */,
			);
		};
/* End PBXProject section */

/* Begin PBXResourcesBuildPhase section */
		20E58CA025680F5800376ABE /* Resources */ = {
			isa = PBXResourcesBuildPhase;
			buildActionMask = 2147483647;
			files = (
				20E58CB525680F5A00376ABE /* LaunchScreen.storyboard in Resources */,
				20E58CB225680F5A00376ABE /* Assets.xcassets in Resources */,
				20E58CAD25680F5800376ABE /* Main.storyboard in Resources */,
			);
			runOnlyForDeploymentPostprocessing = 0;
		};
		20E58CB925680F5A00376ABE /* Resources */ = {
			isa = PBXResourcesBuildPhase;
			buildActionMask = 2147483647;
			files = (
			);
			runOnlyForDeploymentPostprocessing = 0;
		};
		20E58CC425680F5A00376ABE /* Resources */ = {
			isa = PBXResourcesBuildPhase;
			buildActionMask = 2147483647;
			files = (
			);
			runOnlyForDeploymentPostprocessing = 0;
		};
/* End PBXResourcesBuildPhase section */

/* Begin PBXShellScriptBuildPhase section */
		25CA0E09325F92AADAA47B1E /* [CP] Check Pods Manifest.lock */ = {
			isa = PBXShellScriptBuildPhase;
			buildActionMask = 2147483647;
			files = (
			);
			inputFileListPaths = (
			);
			inputPaths = (
				"${PODS_PODFILE_DIR_PATH}/Podfile.lock",
				"${PODS_ROOT}/Manifest.lock",
			);
			name = "[CP] Check Pods Manifest.lock";
			outputFileListPaths = (
			);
			outputPaths = (
				"$(DERIVED_FILE_DIR)/Pods-MyPets-checkManifestLockResult.txt",
			);
			runOnlyForDeploymentPostprocessing = 0;
			shellPath = /bin/sh;
			shellScript = "diff \"${PODS_PODFILE_DIR_PATH}/Podfile.lock\" \"${PODS_ROOT}/Manifest.lock\" > /dev/null\nif [ $? != 0 ] ; then\n    # print error to STDERR\n    echo \"error: The sandbox is not in sync with the Podfile.lock. Run 'pod install' or update your CocoaPods installation.\" >&2\n    exit 1\nfi\n# This output is used by Xcode 'outputs' to avoid re-running this script phase.\necho \"SUCCESS\" > \"${SCRIPT_OUTPUT_FILE_0}\"\n";
			showEnvVarsInLog = 0;
		};
		401ABFBD813C1100B1669D83 /* [CP] Check Pods Manifest.lock */ = {
			isa = PBXShellScriptBuildPhase;
			buildActionMask = 2147483647;
			files = (
			);
			inputFileListPaths = (
			);
			inputPaths = (
				"${PODS_PODFILE_DIR_PATH}/Podfile.lock",
				"${PODS_ROOT}/Manifest.lock",
			);
			name = "[CP] Check Pods Manifest.lock";
			outputFileListPaths = (
			);
			outputPaths = (
				"$(DERIVED_FILE_DIR)/Pods-MyPets-MyPetsUITests-checkManifestLockResult.txt",
			);
			runOnlyForDeploymentPostprocessing = 0;
			shellPath = /bin/sh;
			shellScript = "diff \"${PODS_PODFILE_DIR_PATH}/Podfile.lock\" \"${PODS_ROOT}/Manifest.lock\" > /dev/null\nif [ $? != 0 ] ; then\n    # print error to STDERR\n    echo \"error: The sandbox is not in sync with the Podfile.lock. Run 'pod install' or update your CocoaPods installation.\" >&2\n    exit 1\nfi\n# This output is used by Xcode 'outputs' to avoid re-running this script phase.\necho \"SUCCESS\" > \"${SCRIPT_OUTPUT_FILE_0}\"\n";
			showEnvVarsInLog = 0;
		};
		848740E67DA3132E1270DB89 /* [CP] Check Pods Manifest.lock */ = {
			isa = PBXShellScriptBuildPhase;
			buildActionMask = 2147483647;
			files = (
			);
			inputFileListPaths = (
			);
			inputPaths = (
				"${PODS_PODFILE_DIR_PATH}/Podfile.lock",
				"${PODS_ROOT}/Manifest.lock",
			);
			name = "[CP] Check Pods Manifest.lock";
			outputFileListPaths = (
			);
			outputPaths = (
				"$(DERIVED_FILE_DIR)/Pods-MyPetsTests-checkManifestLockResult.txt",
			);
			runOnlyForDeploymentPostprocessing = 0;
			shellPath = /bin/sh;
			shellScript = "diff \"${PODS_PODFILE_DIR_PATH}/Podfile.lock\" \"${PODS_ROOT}/Manifest.lock\" > /dev/null\nif [ $? != 0 ] ; then\n    # print error to STDERR\n    echo \"error: The sandbox is not in sync with the Podfile.lock. Run 'pod install' or update your CocoaPods installation.\" >&2\n    exit 1\nfi\n# This output is used by Xcode 'outputs' to avoid re-running this script phase.\necho \"SUCCESS\" > \"${SCRIPT_OUTPUT_FILE_0}\"\n";
			showEnvVarsInLog = 0;
		};
		98D697AA9D0B8321945925A1 /* [CP] Embed Pods Frameworks */ = {
			isa = PBXShellScriptBuildPhase;
			buildActionMask = 2147483647;
			files = (
			);
			inputFileListPaths = (
				"${PODS_ROOT}/Target Support Files/Pods-MyPets/Pods-MyPets-frameworks-${CONFIGURATION}-input-files.xcfilelist",
			);
			name = "[CP] Embed Pods Frameworks";
			outputFileListPaths = (
				"${PODS_ROOT}/Target Support Files/Pods-MyPets/Pods-MyPets-frameworks-${CONFIGURATION}-output-files.xcfilelist",
			);
			runOnlyForDeploymentPostprocessing = 0;
			shellPath = /bin/sh;
			shellScript = "\"${PODS_ROOT}/Target Support Files/Pods-MyPets/Pods-MyPets-frameworks.sh\"\n";
			showEnvVarsInLog = 0;
		};
		CB5E5DB27F681752A13DB54A /* [CP] Embed Pods Frameworks */ = {
			isa = PBXShellScriptBuildPhase;
			buildActionMask = 2147483647;
			files = (
			);
			inputFileListPaths = (
				"${PODS_ROOT}/Target Support Files/Pods-MyPets-MyPetsUITests/Pods-MyPets-MyPetsUITests-frameworks-${CONFIGURATION}-input-files.xcfilelist",
			);
			name = "[CP] Embed Pods Frameworks";
			outputFileListPaths = (
				"${PODS_ROOT}/Target Support Files/Pods-MyPets-MyPetsUITests/Pods-MyPets-MyPetsUITests-frameworks-${CONFIGURATION}-output-files.xcfilelist",
			);
			runOnlyForDeploymentPostprocessing = 0;
			shellPath = /bin/sh;
			shellScript = "\"${PODS_ROOT}/Target Support Files/Pods-MyPets-MyPetsUITests/Pods-MyPets-MyPetsUITests-frameworks.sh\"\n";
			showEnvVarsInLog = 0;
		};
/* End PBXShellScriptBuildPhase section */

/* Begin PBXSourcesBuildPhase section */
		20E58C9E25680F5800376ABE /* Sources */ = {
			isa = PBXSourcesBuildPhase;
			buildActionMask = 2147483647;
			files = (
				20D42B5825695319002B3137 /* Authentification.swift in Sources */,
				20852F36257B12B5005ABD42 /* MyProfile.swift in Sources */,
				206A16492586BDBD0007F52E /* MyAnimals.swift in Sources */,
				20852EE4257A80A3005ABD42 /* UserResponse.swift in Sources */,
				2032E066257307F000684C78 /* Filter.swift in Sources */,
				20571BE7257EA366001F2D21 /* AddLostAndFound.swift in Sources */,
				2088473A257D9296006F81A0 /* MenuController.swift in Sources */,
				205945652572AED80071E3A1 /* Profile.swift in Sources */,
				2935CED72586C24D0004320E /* ListVetoController.swift in Sources */,
				20E58CAA25680F5800376ABE /* ViewController.swift in Sources */,
				29DC1DE2257B07AD00C44B85 /* LostController.swift in Sources */,
				206A16512586C99B0007F52E /* AnimalsResponse.swift in Sources */,
				205B39A6258848150049117C /* ProfileAnimal.swift in Sources */,
				20E58CB025680F5800376ABE /* MyPets.xcdatamodeld in Sources */,
				20E58CA625680F5800376ABE /* AppDelegate.swift in Sources */,
				20E58CA825680F5800376ABE /* SceneDelegate.swift in Sources */,
				206A164D2586C1B70007F52E /* AddAnimal.swift in Sources */,
				2960759A257DA1DF0088464D /* LostAndfoundResponse.swift in Sources */,
				2054F4AE2569411E00D4FEF2 /* RegisterController.swift in Sources */,
				20E58CDD25683B8600376ABE /* HomeController.swift in Sources */,
				20852EE2257A804E005ABD42 /* Vars.swift in Sources */,
				20852EE6257A80DA005ABD42 /* UserGlobal.swift in Sources */,
				20852F00257A83E5005ABD42 /* APIManager.swift in Sources */,
				29C6842A2585904900EA4A89 /* profileResponse.swift in Sources */,
				2054F4A92569410D00D4FEF2 /* MainHomeController.swift in Sources */,
				29607596257D9F240088464D /* FoundController.swift in Sources */,
				2032E06825730DE700684C78 /* Specification.swift in Sources */,
			);
			runOnlyForDeploymentPostprocessing = 0;
		};
		20E58CB725680F5A00376ABE /* Sources */ = {
			isa = PBXSourcesBuildPhase;
			buildActionMask = 2147483647;
			files = (
				20E58CC025680F5A00376ABE /* MyPetsTests.swift in Sources */,
			);
			runOnlyForDeploymentPostprocessing = 0;
		};
		20E58CC225680F5A00376ABE /* Sources */ = {
			isa = PBXSourcesBuildPhase;
			buildActionMask = 2147483647;
			files = (
				20E58CCB25680F5A00376ABE /* MyPetsUITests.swift in Sources */,
			);
			runOnlyForDeploymentPostprocessing = 0;
		};
/* End PBXSourcesBuildPhase section */

/* Begin PBXTargetDependency section */
		20E58CBD25680F5A00376ABE /* PBXTargetDependency */ = {
			isa = PBXTargetDependency;
			target = 20E58CA125680F5800376ABE /* MyPets */;
			targetProxy = 20E58CBC25680F5A00376ABE /* PBXContainerItemProxy */;
		};
		20E58CC825680F5A00376ABE /* PBXTargetDependency */ = {
			isa = PBXTargetDependency;
			target = 20E58CA125680F5800376ABE /* MyPets */;
			targetProxy = 20E58CC725680F5A00376ABE /* PBXContainerItemProxy */;
		};
/* End PBXTargetDependency section */

/* Begin PBXVariantGroup section */
		20E58CAB25680F5800376ABE /* Main.storyboard */ = {
			isa = PBXVariantGroup;
			children = (
				20E58CAC25680F5800376ABE /* Base */,
			);
			name = Main.storyboard;
			sourceTree = "<group>";
		};
		20E58CB325680F5A00376ABE /* LaunchScreen.storyboard */ = {
			isa = PBXVariantGroup;
			children = (
				20E58CB425680F5A00376ABE /* Base */,
			);
			name = LaunchScreen.storyboard;
			sourceTree = "<group>";
		};
/* End PBXVariantGroup section */

/* Begin XCBuildConfiguration section */
		20E58CCD25680F5A00376ABE /* Debug */ = {
			isa = XCBuildConfiguration;
			buildSettings = {
				ALWAYS_SEARCH_USER_PATHS = NO;
				CLANG_ANALYZER_NONNULL = YES;
				CLANG_ANALYZER_NUMBER_OBJECT_CONVERSION = YES_AGGRESSIVE;
				CLANG_CXX_LANGUAGE_STANDARD = "gnu++14";
				CLANG_CXX_LIBRARY = "libc++";
				CLANG_ENABLE_MODULES = YES;
				CLANG_ENABLE_OBJC_ARC = YES;
				CLANG_ENABLE_OBJC_WEAK = YES;
				CLANG_WARN_BLOCK_CAPTURE_AUTORELEASING = YES;
				CLANG_WARN_BOOL_CONVERSION = YES;
				CLANG_WARN_COMMA = YES;
				CLANG_WARN_CONSTANT_CONVERSION = YES;
				CLANG_WARN_DEPRECATED_OBJC_IMPLEMENTATIONS = YES;
				CLANG_WARN_DIRECT_OBJC_ISA_USAGE = YES_ERROR;
				CLANG_WARN_DOCUMENTATION_COMMENTS = YES;
				CLANG_WARN_EMPTY_BODY = YES;
				CLANG_WARN_ENUM_CONVERSION = YES;
				CLANG_WARN_INFINITE_RECURSION = YES;
				CLANG_WARN_INT_CONVERSION = YES;
				CLANG_WARN_NON_LITERAL_NULL_CONVERSION = YES;
				CLANG_WARN_OBJC_IMPLICIT_RETAIN_SELF = YES;
				CLANG_WARN_OBJC_LITERAL_CONVERSION = YES;
				CLANG_WARN_OBJC_ROOT_CLASS = YES_ERROR;
				CLANG_WARN_QUOTED_INCLUDE_IN_FRAMEWORK_HEADER = YES;
				CLANG_WARN_RANGE_LOOP_ANALYSIS = YES;
				CLANG_WARN_STRICT_PROTOTYPES = YES;
				CLANG_WARN_SUSPICIOUS_MOVE = YES;
				CLANG_WARN_UNGUARDED_AVAILABILITY = YES_AGGRESSIVE;
				CLANG_WARN_UNREACHABLE_CODE = YES;
				CLANG_WARN__DUPLICATE_METHOD_MATCH = YES;
				COPY_PHASE_STRIP = NO;
				DEBUG_INFORMATION_FORMAT = dwarf;
				ENABLE_STRICT_OBJC_MSGSEND = YES;
				ENABLE_TESTABILITY = YES;
				GCC_C_LANGUAGE_STANDARD = gnu11;
				GCC_DYNAMIC_NO_PIC = NO;
				GCC_NO_COMMON_BLOCKS = YES;
				GCC_OPTIMIZATION_LEVEL = 0;
				GCC_PREPROCESSOR_DEFINITIONS = (
					"DEBUG=1",
					"$(inherited)",
				);
				GCC_WARN_64_TO_32_BIT_CONVERSION = YES;
				GCC_WARN_ABOUT_RETURN_TYPE = YES_ERROR;
				GCC_WARN_UNDECLARED_SELECTOR = YES;
				GCC_WARN_UNINITIALIZED_AUTOS = YES_AGGRESSIVE;
				GCC_WARN_UNUSED_FUNCTION = YES;
				GCC_WARN_UNUSED_VARIABLE = YES;
				IPHONEOS_DEPLOYMENT_TARGET = 14.0;
				MTL_ENABLE_DEBUG_INFO = INCLUDE_SOURCE;
				MTL_FAST_MATH = YES;
				ONLY_ACTIVE_ARCH = YES;
				SDKROOT = iphoneos;
				SWIFT_ACTIVE_COMPILATION_CONDITIONS = DEBUG;
				SWIFT_OPTIMIZATION_LEVEL = "-Onone";
			};
			name = Debug;
		};
		20E58CCE25680F5A00376ABE /* Release */ = {
			isa = XCBuildConfiguration;
			buildSettings = {
				ALWAYS_SEARCH_USER_PATHS = NO;
				CLANG_ANALYZER_NONNULL = YES;
				CLANG_ANALYZER_NUMBER_OBJECT_CONVERSION = YES_AGGRESSIVE;
				CLANG_CXX_LANGUAGE_STANDARD = "gnu++14";
				CLANG_CXX_LIBRARY = "libc++";
				CLANG_ENABLE_MODULES = YES;
				CLANG_ENABLE_OBJC_ARC = YES;
				CLANG_ENABLE_OBJC_WEAK = YES;
				CLANG_WARN_BLOCK_CAPTURE_AUTORELEASING = YES;
				CLANG_WARN_BOOL_CONVERSION = YES;
				CLANG_WARN_COMMA = YES;
				CLANG_WARN_CONSTANT_CONVERSION = YES;
				CLANG_WARN_DEPRECATED_OBJC_IMPLEMENTATIONS = YES;
				CLANG_WARN_DIRECT_OBJC_ISA_USAGE = YES_ERROR;
				CLANG_WARN_DOCUMENTATION_COMMENTS = YES;
				CLANG_WARN_EMPTY_BODY = YES;
				CLANG_WARN_ENUM_CONVERSION = YES;
				CLANG_WARN_INFINITE_RECURSION = YES;
				CLANG_WARN_INT_CONVERSION = YES;
				CLANG_WARN_NON_LITERAL_NULL_CONVERSION = YES;
				CLANG_WARN_OBJC_IMPLICIT_RETAIN_SELF = YES;
				CLANG_WARN_OBJC_LITERAL_CONVERSION = YES;
				CLANG_WARN_OBJC_ROOT_CLASS = YES_ERROR;
				CLANG_WARN_QUOTED_INCLUDE_IN_FRAMEWORK_HEADER = YES;
				CLANG_WARN_RANGE_LOOP_ANALYSIS = YES;
				CLANG_WARN_STRICT_PROTOTYPES = YES;
				CLANG_WARN_SUSPICIOUS_MOVE = YES;
				CLANG_WARN_UNGUARDED_AVAILABILITY = YES_AGGRESSIVE;
				CLANG_WARN_UNREACHABLE_CODE = YES;
				CLANG_WARN__DUPLICATE_METHOD_MATCH = YES;
				COPY_PHASE_STRIP = NO;
				DEBUG_INFORMATION_FORMAT = "dwarf-with-dsym";
				ENABLE_NS_ASSERTIONS = NO;
				ENABLE_STRICT_OBJC_MSGSEND = YES;
				GCC_C_LANGUAGE_STANDARD = gnu11;
				GCC_NO_COMMON_BLOCKS = YES;
				GCC_WARN_64_TO_32_BIT_CONVERSION = YES;
				GCC_WARN_ABOUT_RETURN_TYPE = YES_ERROR;
				GCC_WARN_UNDECLARED_SELECTOR = YES;
				GCC_WARN_UNINITIALIZED_AUTOS = YES_AGGRESSIVE;
				GCC_WARN_UNUSED_FUNCTION = YES;
				GCC_WARN_UNUSED_VARIABLE = YES;
				IPHONEOS_DEPLOYMENT_TARGET = 14.0;
				MTL_ENABLE_DEBUG_INFO = NO;
				MTL_FAST_MATH = YES;
				SDKROOT = iphoneos;
				SWIFT_COMPILATION_MODE = wholemodule;
				SWIFT_OPTIMIZATION_LEVEL = "-O";
				VALIDATE_PRODUCT = YES;
			};
			name = Release;
		};
		20E58CD025680F5A00376ABE /* Debug */ = {
			isa = XCBuildConfiguration;
			baseConfigurationReference = 33D3C7315FBE40A50C7381DC /* Pods-MyPets.debug.xcconfig */;
			buildSettings = {
				ASSETCATALOG_COMPILER_APPICON_NAME = AppIcon;
				ASSETCATALOG_COMPILER_GLOBAL_ACCENT_COLOR_NAME = AccentColor;
				CODE_SIGN_STYLE = Automatic;
				INFOPLIST_FILE = MyPets/Info.plist;
				LD_RUNPATH_SEARCH_PATHS = (
					"$(inherited)",
					"@executable_path/Frameworks",
				);
				PRODUCT_BUNDLE_IDENTIFIER = tn.esprit.MyPets;
				PRODUCT_NAME = "$(TARGET_NAME)";
				SWIFT_VERSION = 5.0;
				TARGETED_DEVICE_FAMILY = "1,2";
			};
			name = Debug;
		};
		20E58CD125680F5A00376ABE /* Release */ = {
			isa = XCBuildConfiguration;
			baseConfigurationReference = 45C881C984FD8F09747D5412 /* Pods-MyPets.release.xcconfig */;
			buildSettings = {
				ASSETCATALOG_COMPILER_APPICON_NAME = AppIcon;
				ASSETCATALOG_COMPILER_GLOBAL_ACCENT_COLOR_NAME = AccentColor;
				CODE_SIGN_STYLE = Automatic;
				INFOPLIST_FILE = MyPets/Info.plist;
				LD_RUNPATH_SEARCH_PATHS = (
					"$(inherited)",
					"@executable_path/Frameworks",
				);
				PRODUCT_BUNDLE_IDENTIFIER = tn.esprit.MyPets;
				PRODUCT_NAME = "$(TARGET_NAME)";
				SWIFT_VERSION = 5.0;
				TARGETED_DEVICE_FAMILY = "1,2";
			};
			name = Release;
		};
		20E58CD325680F5A00376ABE /* Debug */ = {
			isa = XCBuildConfiguration;
			baseConfigurationReference = 80A0C2A5C0878512912D5BD1 /* Pods-MyPetsTests.debug.xcconfig */;
			buildSettings = {
				ALWAYS_EMBED_SWIFT_STANDARD_LIBRARIES = YES;
				BUNDLE_LOADER = "$(TEST_HOST)";
				CODE_SIGN_STYLE = Automatic;
				INFOPLIST_FILE = MyPetsTests/Info.plist;
				IPHONEOS_DEPLOYMENT_TARGET = 14.0;
				LD_RUNPATH_SEARCH_PATHS = (
					"$(inherited)",
					"@executable_path/Frameworks",
					"@loader_path/Frameworks",
				);
				PRODUCT_BUNDLE_IDENTIFIER = tn.esprit.MyPetsTests;
				PRODUCT_NAME = "$(TARGET_NAME)";
				SWIFT_VERSION = 5.0;
				TARGETED_DEVICE_FAMILY = "1,2";
				TEST_HOST = "$(BUILT_PRODUCTS_DIR)/MyPets.app/MyPets";
			};
			name = Debug;
		};
		20E58CD425680F5A00376ABE /* Release */ = {
			isa = XCBuildConfiguration;
			baseConfigurationReference = 6436DEECEFE0BC5495D94CEB /* Pods-MyPetsTests.release.xcconfig */;
			buildSettings = {
				ALWAYS_EMBED_SWIFT_STANDARD_LIBRARIES = YES;
				BUNDLE_LOADER = "$(TEST_HOST)";
				CODE_SIGN_STYLE = Automatic;
				INFOPLIST_FILE = MyPetsTests/Info.plist;
				IPHONEOS_DEPLOYMENT_TARGET = 14.0;
				LD_RUNPATH_SEARCH_PATHS = (
					"$(inherited)",
					"@executable_path/Frameworks",
					"@loader_path/Frameworks",
				);
				PRODUCT_BUNDLE_IDENTIFIER = tn.esprit.MyPetsTests;
				PRODUCT_NAME = "$(TARGET_NAME)";
				SWIFT_VERSION = 5.0;
				TARGETED_DEVICE_FAMILY = "1,2";
				TEST_HOST = "$(BUILT_PRODUCTS_DIR)/MyPets.app/MyPets";
			};
			name = Release;
		};
		20E58CD625680F5A00376ABE /* Debug */ = {
			isa = XCBuildConfiguration;
			baseConfigurationReference = A45503246FAA857923D596FE /* Pods-MyPets-MyPetsUITests.debug.xcconfig */;
			buildSettings = {
				ALWAYS_EMBED_SWIFT_STANDARD_LIBRARIES = YES;
				CODE_SIGN_STYLE = Automatic;
				INFOPLIST_FILE = MyPetsUITests/Info.plist;
				LD_RUNPATH_SEARCH_PATHS = (
					"$(inherited)",
					"@executable_path/Frameworks",
					"@loader_path/Frameworks",
				);
				PRODUCT_BUNDLE_IDENTIFIER = tn.esprit.MyPetsUITests;
				PRODUCT_NAME = "$(TARGET_NAME)";
				SWIFT_VERSION = 5.0;
				TARGETED_DEVICE_FAMILY = "1,2";
				TEST_TARGET_NAME = MyPets;
			};
			name = Debug;
		};
		20E58CD725680F5A00376ABE /* Release */ = {
			isa = XCBuildConfiguration;
			baseConfigurationReference = 1881B33447A9AD50B6CF4061 /* Pods-MyPets-MyPetsUITests.release.xcconfig */;
			buildSettings = {
				ALWAYS_EMBED_SWIFT_STANDARD_LIBRARIES = YES;
				CODE_SIGN_STYLE = Automatic;
				INFOPLIST_FILE = MyPetsUITests/Info.plist;
				LD_RUNPATH_SEARCH_PATHS = (
					"$(inherited)",
					"@executable_path/Frameworks",
					"@loader_path/Frameworks",
				);
				PRODUCT_BUNDLE_IDENTIFIER = tn.esprit.MyPetsUITests;
				PRODUCT_NAME = "$(TARGET_NAME)";
				SWIFT_VERSION = 5.0;
				TARGETED_DEVICE_FAMILY = "1,2";
				TEST_TARGET_NAME = MyPets;
			};
			name = Release;
		};
/* End XCBuildConfiguration section */

/* Begin XCConfigurationList section */
		20E58C9D25680F5800376ABE /* Build configuration list for PBXProject "MyPets" */ = {
			isa = XCConfigurationList;
			buildConfigurations = (
				20E58CCD25680F5A00376ABE /* Debug */,
				20E58CCE25680F5A00376ABE /* Release */,
			);
			defaultConfigurationIsVisible = 0;
			defaultConfigurationName = Release;
		};
		20E58CCF25680F5A00376ABE /* Build configuration list for PBXNativeTarget "MyPets" */ = {
			isa = XCConfigurationList;
			buildConfigurations = (
				20E58CD025680F5A00376ABE /* Debug */,
				20E58CD125680F5A00376ABE /* Release */,
			);
			defaultConfigurationIsVisible = 0;
			defaultConfigurationName = Release;
		};
		20E58CD225680F5A00376ABE /* Build configuration list for PBXNativeTarget "MyPetsTests" */ = {
			isa = XCConfigurationList;
			buildConfigurations = (
				20E58CD325680F5A00376ABE /* Debug */,
				20E58CD425680F5A00376ABE /* Release */,
			);
			defaultConfigurationIsVisible = 0;
			defaultConfigurationName = Release;
		};
		20E58CD525680F5A00376ABE /* Build configuration list for PBXNativeTarget "MyPetsUITests" */ = {
			isa = XCConfigurationList;
			buildConfigurations = (
				20E58CD625680F5A00376ABE /* Debug */,
				20E58CD725680F5A00376ABE /* Release */,
			);
			defaultConfigurationIsVisible = 0;
			defaultConfigurationName = Release;
		};
/* End XCConfigurationList section */

/* Begin XCVersionGroup section */
		20E58CAE25680F5800376ABE /* MyPets.xcdatamodeld */ = {
			isa = XCVersionGroup;
			children = (
				20E58CAF25680F5800376ABE /* MyPets.xcdatamodel */,
			);
			currentVersion = 20E58CAF25680F5800376ABE /* MyPets.xcdatamodel */;
			path = MyPets.xcdatamodeld;
			sourceTree = "<group>";
			versionGroupType = wrapper.xcdatamodel;
		};
/* End XCVersionGroup section */
	};
	rootObject = 20E58C9A25680F5800376ABE /* Project object */;
}
